
Microsoft Visual Studio Solution File, Format Version 12.00
# Visual Studio Version 16
VisualStudioVersion = 16.0.29806.167
MinimumVisualStudioVersion = 10.0.40219.1
Project("{FAE04EC0-301F-11D3-BF4B-00C04F79EFBC}") = "MoodAnalyserNUnit", "MoodAnalyserNUnit.csproj", "{3323390D-2F2B-4A03-BD16-105BAC170FD0}"
EndProject
Project("{FAE04EC0-301F-11D3-BF4B-00C04F79EFBC}") = "Testing", "..\Testing\Testing.csproj", "{A343634D-0F9C-4C01-B9D2-3D00934AC7BF}"
EndProject
Global
	GlobalSection(SolutionConfigurationPlatforms) = preSolution
		Debug|Any CPU = Debug|Any CPU
		Release|Any CPU = Release|Any CPU
	EndGlobalSection
	GlobalSection(ProjectConfigurationPlatforms) = postSolution
		{3323390D-2F2B-4A03-BD16-105BAC170FD0}.Debug|Any CPU.ActiveCfg = Debug|Any CPU
		{3323390D-2F2B-4A03-BD16-105BAC170FD0}.Debug|Any CPU.Build.0 = Debug|Any CPU
		{3323390D-2F2B-4A03-BD16-105BAC170FD0}.Release|Any CPU.ActiveCfg = Release|Any CPU
		{3323390D-2F2B-4A03-BD16-105BAC170FD0}.Release|Any CPU.Build.0 = Release|Any CPU
		{A343634D-0F9C-4C01-B9D2-3D00934AC7BF}.Debug|Any CPU.ActiveCfg = Debug|Any CPU
		{A343634D-0F9C-4C01-B9D2-3D00934AC7BF}.Debug|Any CPU.Build.0 = Debug|Any CPU
		{A343634D-0F9C-4C01-B9D2-3D00934AC7BF}.Release|Any CPU.ActiveCfg = Release|Any CPU
		{A343634D-0F9C-4C01-B9D2-3D00934AC7BF}.Release|Any CPU.Build.0 = Release|Any CPU
	EndGlobalSection
	GlobalSection(SolutionProperties) = preSolution
		HideSolutionNode = FALSE
	EndGlobalSection
	GlobalSection(ExtensibilityGlobals) = postSolution
		SolutionGuid = {BA8B252A-F581-44F3-80D6-D2210BC60BA2}
	EndGlobalSection
EndGlobal
